
Microsoft Visual Studio Solution File, Format Version 12.00
# Visual Studio 15
VisualStudioVersion = 15.0.26730.12
MinimumVisualStudioVersion = 10.0.40219.1
Project("{FAE04EC0-301F-11D3-BF4B-00C04F79EFBC}") = "TTank2.0", "TTank 2.0\TTank2.0.csproj", "{FDD448F5-9F28-4564-80A7-3FFB117201B6}"
EndProject
Project("{FAE04EC0-301F-11D3-BF4B-00C04F79EFBC}") = "TPresenter.Render", "TPresenterBase\TPresenter.Render.csproj", "{3694EA00-7D31-4635-B3F3-6DBEACDA8EAB}"
EndProject
Project("{FAE04EC0-301F-11D3-BF4B-00C04F79EFBC}") = "TPresenter.Library", "TPresent.Library\TPresenter.Library.csproj", "{C86F2D2A-C42B-4D86-BCC2-B3D785CBA4D0}"
EndProject
Project("{2150E333-8FDC-42A3-9474-1A3956D46DE8}") = "TPresenter", "TPresenter", "{74CF6F4C-0B80-4403-9C30-D320898636BA}"
EndProject
Project("{FAE04EC0-301F-11D3-BF4B-00C04F79EFBC}") = "TPresenter.Input", "TPresenter.Input\TPresenter.Input.csproj", "{9FBD8A90-F1BE-4A31-9974-5F96F1F8284B}"
EndProject
Project("{FAE04EC0-301F-11D3-BF4B-00C04F79EFBC}") = "TPresenter", "TPresenter\TPresenter.csproj", "{8F49F628-EC1C-4E53-A8A2-95806F73A820}"
EndProject
Project("{FAE04EC0-301F-11D3-BF4B-00C04F79EFBC}") = "TPresenter.Math", "TPresenter.Math\TPresenter.Math.csproj", "{237B0691-BC23-4D62-9063-DAE5C3CEDD55}"
EndProject
Project("{FAE04EC0-301F-11D3-BF4B-00C04F79EFBC}") = "TPresenter.Game", "TPresenter.Game\TPresenter.Game.csproj", "{D2F1C044-3B18-49BD-B7C1-087569A6FC7A}"
EndProject
Project("{FAE04EC0-301F-11D3-BF4B-00C04F79EFBC}") = "TPresenterStructure", "TPresenterStructure\TPresenterStructure.csproj", "{403F8CC9-8FD9-4C6B-BD8D-03670D7BD949}"
EndProject
Project("{2150E333-8FDC-42A3-9474-1A3956D46DE8}") = "Solution Items", "Solution Items", "{02B8EE99-8DAF-4A32-B16D-52FB972E3EC9}"
	ProjectSection(SolutionItems) = preProject
		Content\BaseRenederTestScene.xml = Content\BaseRenederTestScene.xml
		Files.txt = Files.txt
		Content\Objects.xml = Content\Objects.xml
	EndProjectSection
EndProject
Project("{FAE04EC0-301F-11D3-BF4B-00C04F79EFBC}") = "TTank2.0.Game", "TTank2.0.Game\TTank2.0.Game.csproj", "{FEE92E3D-E0F3-4F55-BF21-D501FFE199E4}"
EndProject
Project("{2150E333-8FDC-42A3-9474-1A3956D46DE8}") = "Resources", "Resources", "{F833BCDB-72A4-4317-8697-045DF3DF9483}"
EndProject
Project("{2150E333-8FDC-42A3-9474-1A3956D46DE8}") = "Textures", "Textures", "{21C72472-086B-4F4E-825C-7E3994E6B5B1}"
EndProject
Project("{2150E333-8FDC-42A3-9474-1A3956D46DE8}") = "Models", "Models", "{E64B7899-5B07-485F-8CA9-78D6BE3DF62C}"
EndProject
Project("{FAE04EC0-301F-11D3-BF4B-00C04F79EFBC}") = "ProfilerViewer", "ProfilerViewer\ProfilerViewer.csproj", "{554D08A5-311D-40A2-AB45-C523EA673CC3}"
EndProject
Project("{FAE04EC0-301F-11D3-BF4B-00C04F79EFBC}") = "ModelConverter", "ModelConverter\ModelConverter.csproj", "{5DEA8132-BF51-4FCF-B479-B36A5D3D921B}"
EndProject
Project("{2150E333-8FDC-42A3-9474-1A3956D46DE8}") = "Tools", "Tools", "{3E67DA97-DBA8-4220-8418-4EB140C3CC5E}"
EndProject
Project("{FAE04EC0-301F-11D3-BF4B-00C04F79EFBC}") = "Common", "Common\Common.csproj", "{E532B2D7-F609-496B-ADFB-F8B4AC256D6E}"
EndProject
Global
	GlobalSection(SolutionConfigurationPlatforms) = preSolution
		Debug|Any CPU = Debug|Any CPU
		Release|Any CPU = Release|Any CPU
	EndGlobalSection
	GlobalSection(ProjectConfigurationPlatforms) = postSolution
		{FDD448F5-9F28-4564-80A7-3FFB117201B6}.Debug|Any CPU.ActiveCfg = Debug|Any CPU
		{FDD448F5-9F28-4564-80A7-3FFB117201B6}.Debug|Any CPU.Build.0 = Debug|Any CPU
		{FDD448F5-9F28-4564-80A7-3FFB117201B6}.Release|Any CPU.ActiveCfg = Release|Any CPU
		{FDD448F5-9F28-4564-80A7-3FFB117201B6}.Release|Any CPU.Build.0 = Release|Any CPU
		{3694EA00-7D31-4635-B3F3-6DBEACDA8EAB}.Debug|Any CPU.ActiveCfg = Debug|Any CPU
		{3694EA00-7D31-4635-B3F3-6DBEACDA8EAB}.Debug|Any CPU.Build.0 = Debug|Any CPU
		{3694EA00-7D31-4635-B3F3-6DBEACDA8EAB}.Release|Any CPU.ActiveCfg = Release|Any CPU
		{3694EA00-7D31-4635-B3F3-6DBEACDA8EAB}.Release|Any CPU.Build.0 = Release|Any CPU
		{C86F2D2A-C42B-4D86-BCC2-B3D785CBA4D0}.Debug|Any CPU.ActiveCfg = Debug|Any CPU
		{C86F2D2A-C42B-4D86-BCC2-B3D785CBA4D0}.Debug|Any CPU.Build.0 = Debug|Any CPU
		{C86F2D2A-C42B-4D86-BCC2-B3D785CBA4D0}.Release|Any CPU.ActiveCfg = Release|Any CPU
		{C86F2D2A-C42B-4D86-BCC2-B3D785CBA4D0}.Release|Any CPU.Build.0 = Release|Any CPU
		{9FBD8A90-F1BE-4A31-9974-5F96F1F8284B}.Debug|Any CPU.ActiveCfg = Debug|Any CPU
		{9FBD8A90-F1BE-4A31-9974-5F96F1F8284B}.Debug|Any CPU.Build.0 = Debug|Any CPU
		{9FBD8A90-F1BE-4A31-9974-5F96F1F8284B}.Release|Any CPU.ActiveCfg = Release|Any CPU
		{9FBD8A90-F1BE-4A31-9974-5F96F1F8284B}.Release|Any CPU.Build.0 = Release|Any CPU
		{8F49F628-EC1C-4E53-A8A2-95806F73A820}.Debug|Any CPU.ActiveCfg = Debug|Any CPU
		{8F49F628-EC1C-4E53-A8A2-95806F73A820}.Debug|Any CPU.Build.0 = Debug|Any CPU
		{8F49F628-EC1C-4E53-A8A2-95806F73A820}.Release|Any CPU.ActiveCfg = Release|Any CPU
		{8F49F628-EC1C-4E53-A8A2-95806F73A820}.Release|Any CPU.Build.0 = Release|Any CPU
		{237B0691-BC23-4D62-9063-DAE5C3CEDD55}.Debug|Any CPU.ActiveCfg = Debug|Any CPU
		{237B0691-BC23-4D62-9063-DAE5C3CEDD55}.Debug|Any CPU.Build.0 = Debug|Any CPU
		{237B0691-BC23-4D62-9063-DAE5C3CEDD55}.Release|Any CPU.ActiveCfg = Release|Any CPU
		{237B0691-BC23-4D62-9063-DAE5C3CEDD55}.Release|Any CPU.Build.0 = Release|Any CPU
		{D2F1C044-3B18-49BD-B7C1-087569A6FC7A}.Debug|Any CPU.ActiveCfg = Debug|Any CPU
		{D2F1C044-3B18-49BD-B7C1-087569A6FC7A}.Debug|Any CPU.Build.0 = Debug|Any CPU
		{D2F1C044-3B18-49BD-B7C1-087569A6FC7A}.Release|Any CPU.ActiveCfg = Release|Any CPU
		{D2F1C044-3B18-49BD-B7C1-087569A6FC7A}.Release|Any CPU.Build.0 = Release|Any CPU
		{403F8CC9-8FD9-4C6B-BD8D-03670D7BD949}.Debug|Any CPU.ActiveCfg = Debug|Any CPU
		{403F8CC9-8FD9-4C6B-BD8D-03670D7BD949}.Debug|Any CPU.Build.0 = Debug|Any CPU
		{403F8CC9-8FD9-4C6B-BD8D-03670D7BD949}.Release|Any CPU.ActiveCfg = Release|Any CPU
		{403F8CC9-8FD9-4C6B-BD8D-03670D7BD949}.Release|Any CPU.Build.0 = Release|Any CPU
		{FEE92E3D-E0F3-4F55-BF21-D501FFE199E4}.Debug|Any CPU.ActiveCfg = Debug|Any CPU
		{FEE92E3D-E0F3-4F55-BF21-D501FFE199E4}.Debug|Any CPU.Build.0 = Debug|Any CPU
		{FEE92E3D-E0F3-4F55-BF21-D501FFE199E4}.Release|Any CPU.ActiveCfg = Release|Any CPU
		{FEE92E3D-E0F3-4F55-BF21-D501FFE199E4}.Release|Any CPU.Build.0 = Release|Any CPU
		{554D08A5-311D-40A2-AB45-C523EA673CC3}.Debug|Any CPU.ActiveCfg = Debug|Any CPU
		{554D08A5-311D-40A2-AB45-C523EA673CC3}.Debug|Any CPU.Build.0 = Debug|Any CPU
		{554D08A5-311D-40A2-AB45-C523EA673CC3}.Release|Any CPU.ActiveCfg = Release|Any CPU
		{554D08A5-311D-40A2-AB45-C523EA673CC3}.Release|Any CPU.Build.0 = Release|Any CPU
		{5DEA8132-BF51-4FCF-B479-B36A5D3D921B}.Debug|Any CPU.ActiveCfg = Debug|Any CPU
		{5DEA8132-BF51-4FCF-B479-B36A5D3D921B}.Debug|Any CPU.Build.0 = Debug|Any CPU
		{5DEA8132-BF51-4FCF-B479-B36A5D3D921B}.Release|Any CPU.ActiveCfg = Release|Any CPU
		{5DEA8132-BF51-4FCF-B479-B36A5D3D921B}.Release|Any CPU.Build.0 = Release|Any CPU
		{E532B2D7-F609-496B-ADFB-F8B4AC256D6E}.Debug|Any CPU.ActiveCfg = Debug|Any CPU
		{E532B2D7-F609-496B-ADFB-F8B4AC256D6E}.Debug|Any CPU.Build.0 = Debug|Any CPU
		{E532B2D7-F609-496B-ADFB-F8B4AC256D6E}.Release|Any CPU.ActiveCfg = Release|Any CPU
		{E532B2D7-F609-496B-ADFB-F8B4AC256D6E}.Release|Any CPU.Build.0 = Release|Any CPU
	EndGlobalSection
	GlobalSection(SolutionProperties) = preSolution
		HideSolutionNode = FALSE
	EndGlobalSection
	GlobalSection(NestedProjects) = preSolution
		{3694EA00-7D31-4635-B3F3-6DBEACDA8EAB} = {74CF6F4C-0B80-4403-9C30-D320898636BA}
		{C86F2D2A-C42B-4D86-BCC2-B3D785CBA4D0} = {74CF6F4C-0B80-4403-9C30-D320898636BA}
		{9FBD8A90-F1BE-4A31-9974-5F96F1F8284B} = {74CF6F4C-0B80-4403-9C30-D320898636BA}
		{8F49F628-EC1C-4E53-A8A2-95806F73A820} = {74CF6F4C-0B80-4403-9C30-D320898636BA}
		{237B0691-BC23-4D62-9063-DAE5C3CEDD55} = {74CF6F4C-0B80-4403-9C30-D320898636BA}
		{D2F1C044-3B18-49BD-B7C1-087569A6FC7A} = {74CF6F4C-0B80-4403-9C30-D320898636BA}
		{403F8CC9-8FD9-4C6B-BD8D-03670D7BD949} = {3E67DA97-DBA8-4220-8418-4EB140C3CC5E}
		{F833BCDB-72A4-4317-8697-045DF3DF9483} = {02B8EE99-8DAF-4A32-B16D-52FB972E3EC9}
		{21C72472-086B-4F4E-825C-7E3994E6B5B1} = {F833BCDB-72A4-4317-8697-045DF3DF9483}
		{E64B7899-5B07-485F-8CA9-78D6BE3DF62C} = {F833BCDB-72A4-4317-8697-045DF3DF9483}
		{554D08A5-311D-40A2-AB45-C523EA673CC3} = {3E67DA97-DBA8-4220-8418-4EB140C3CC5E}
		{5DEA8132-BF51-4FCF-B479-B36A5D3D921B} = {3E67DA97-DBA8-4220-8418-4EB140C3CC5E}
		{E532B2D7-F609-496B-ADFB-F8B4AC256D6E} = {3E67DA97-DBA8-4220-8418-4EB140C3CC5E}
	EndGlobalSection
	GlobalSection(ExtensibilityGlobals) = postSolution
		SolutionGuid = {21A9283E-3619-4FD2-B243-6DC975224EBA}
	EndGlobalSection
EndGlobal
